
Microsoft Visual Studio Solution File, Format Version 12.00
# Visual Studio Version 16
VisualStudioVersion = 16.0.29613.14
MinimumVisualStudioVersion = 10.0.40219.1
Project("{9A19103F-16F7-4668-BE54-9A1E7A4F7556}") = "AjudaHumana.Web", "AjudaHumana.Web\AjudaHumana.Web.csproj", "{7C6395FB-17EA-49E7-AE93-2596A375CC1C}"
EndProject
Project("{2150E333-8FDC-42A3-9474-1A3956D46DE8}") = "Identity", "Identity", "{FA3DAE96-EFC5-4344-B397-5718B7FA5453}"
EndProject
Project("{9A19103F-16F7-4668-BE54-9A1E7A4F7556}") = "AjudaHumana.Identity.Data", "AjudaHumana.Identity.Data\AjudaHumana.Identity.Data.csproj", "{BDDB4BB4-B892-41DD-A180-881244DCC21D}"
EndProject
Project("{9A19103F-16F7-4668-BE54-9A1E7A4F7556}") = "AjudaHumana.Identity.Domain", "AjudaHumana.Identity.Domain\AjudaHumana.Identity.Domain.csproj", "{61E1735B-ED69-4265-A7B8-8CBDB23D7215}"
EndProject
Project("{2150E333-8FDC-42A3-9474-1A3956D46DE8}") = "Core", "Core", "{34C28A99-C9DF-4808-88A8-611B79EAC306}"
EndProject
Project("{9A19103F-16F7-4668-BE54-9A1E7A4F7556}") = "AjudaHumana.Core", "AjudaHumana.Core\AjudaHumana.Core.csproj", "{E50FC180-7CBC-4ACF-A3CE-B7A3645BBA1B}"
EndProject
Project("{9A19103F-16F7-4668-BE54-9A1E7A4F7556}") = "AjudaHumana.Core.IoC", "AjudaHumana.Core.IoC\AjudaHumana.Core.IoC.csproj", "{D781B08A-1886-4E76-9371-9D44EE096768}"
EndProject
Project("{2150E333-8FDC-42A3-9474-1A3956D46DE8}") = "ONG", "ONG", "{C7012AEA-8344-48F1-B822-4A39E72CBDAC}"
EndProject
Project("{9A19103F-16F7-4668-BE54-9A1E7A4F7556}") = "AjudaHumana.ONG.Domain", "AjudaHumana.ONG.Domain\AjudaHumana.ONG.Domain.csproj", "{AE297940-0B9D-4DD1-968C-EAFD9A9ECE32}"
EndProject
Project("{9A19103F-16F7-4668-BE54-9A1E7A4F7556}") = "AjudaHumana.ONG.Data", "AjudaHumana.ONG.Data\AjudaHumana.ONG.Data.csproj", "{7CD0236D-6591-498B-A56D-F5150F69D7EB}"
EndProject
Project("{9A19103F-16F7-4668-BE54-9A1E7A4F7556}") = "AjudaHumana.ONG.Application", "AjudaHumana.ONG.Application\AjudaHumana.ONG.Application.csproj", "{36128F38-F8A3-4358-A71D-1C934A040EA1}"
EndProject
Project("{FAE04EC0-301F-11D3-BF4B-00C04F79EFBC}") = "AjudaHumana.Identity.Application", "AjudaHumana.Identity.Application\AjudaHumana.Identity.Application.csproj", "{5025CB27-5286-47ED-93B8-944E96372F93}"
EndProject
Global
	GlobalSection(SolutionConfigurationPlatforms) = preSolution
		Debug|Any CPU = Debug|Any CPU
		Release|Any CPU = Release|Any CPU
	EndGlobalSection
	GlobalSection(ProjectConfigurationPlatforms) = postSolution
		{7C6395FB-17EA-49E7-AE93-2596A375CC1C}.Debug|Any CPU.ActiveCfg = Debug|Any CPU
		{7C6395FB-17EA-49E7-AE93-2596A375CC1C}.Debug|Any CPU.Build.0 = Debug|Any CPU
		{7C6395FB-17EA-49E7-AE93-2596A375CC1C}.Release|Any CPU.ActiveCfg = Release|Any CPU
		{7C6395FB-17EA-49E7-AE93-2596A375CC1C}.Release|Any CPU.Build.0 = Release|Any CPU
		{BDDB4BB4-B892-41DD-A180-881244DCC21D}.Debug|Any CPU.ActiveCfg = Debug|Any CPU
		{BDDB4BB4-B892-41DD-A180-881244DCC21D}.Debug|Any CPU.Build.0 = Debug|Any CPU
		{BDDB4BB4-B892-41DD-A180-881244DCC21D}.Release|Any CPU.ActiveCfg = Release|Any CPU
		{BDDB4BB4-B892-41DD-A180-881244DCC21D}.Release|Any CPU.Build.0 = Release|Any CPU
		{61E1735B-ED69-4265-A7B8-8CBDB23D7215}.Debug|Any CPU.ActiveCfg = Debug|Any CPU
		{61E1735B-ED69-4265-A7B8-8CBDB23D7215}.Debug|Any CPU.Build.0 = Debug|Any CPU
		{61E1735B-ED69-4265-A7B8-8CBDB23D7215}.Release|Any CPU.ActiveCfg = Release|Any CPU
		{61E1735B-ED69-4265-A7B8-8CBDB23D7215}.Release|Any CPU.Build.0 = Release|Any CPU
		{E50FC180-7CBC-4ACF-A3CE-B7A3645BBA1B}.Debug|Any CPU.ActiveCfg = Debug|Any CPU
		{E50FC180-7CBC-4ACF-A3CE-B7A3645BBA1B}.Debug|Any CPU.Build.0 = Debug|Any CPU
		{E50FC180-7CBC-4ACF-A3CE-B7A3645BBA1B}.Release|Any CPU.ActiveCfg = Release|Any CPU
		{E50FC180-7CBC-4ACF-A3CE-B7A3645BBA1B}.Release|Any CPU.Build.0 = Release|Any CPU
		{D781B08A-1886-4E76-9371-9D44EE096768}.Debug|Any CPU.ActiveCfg = Debug|Any CPU
		{D781B08A-1886-4E76-9371-9D44EE096768}.Debug|Any CPU.Build.0 = Debug|Any CPU
		{D781B08A-1886-4E76-9371-9D44EE096768}.Release|Any CPU.ActiveCfg = Release|Any CPU
		{D781B08A-1886-4E76-9371-9D44EE096768}.Release|Any CPU.Build.0 = Release|Any CPU
		{AE297940-0B9D-4DD1-968C-EAFD9A9ECE32}.Debug|Any CPU.ActiveCfg = Debug|Any CPU
		{AE297940-0B9D-4DD1-968C-EAFD9A9ECE32}.Debug|Any CPU.Build.0 = Debug|Any CPU
		{AE297940-0B9D-4DD1-968C-EAFD9A9ECE32}.Release|Any CPU.ActiveCfg = Release|Any CPU
		{AE297940-0B9D-4DD1-968C-EAFD9A9ECE32}.Release|Any CPU.Build.0 = Release|Any CPU
		{7CD0236D-6591-498B-A56D-F5150F69D7EB}.Debug|Any CPU.ActiveCfg = Debug|Any CPU
		{7CD0236D-6591-498B-A56D-F5150F69D7EB}.Debug|Any CPU.Build.0 = Debug|Any CPU
		{7CD0236D-6591-498B-A56D-F5150F69D7EB}.Release|Any CPU.ActiveCfg = Release|Any CPU
		{7CD0236D-6591-498B-A56D-F5150F69D7EB}.Release|Any CPU.Build.0 = Release|Any CPU
		{36128F38-F8A3-4358-A71D-1C934A040EA1}.Debug|Any CPU.ActiveCfg = Debug|Any CPU
		{36128F38-F8A3-4358-A71D-1C934A040EA1}.Debug|Any CPU.Build.0 = Debug|Any CPU
		{36128F38-F8A3-4358-A71D-1C934A040EA1}.Release|Any CPU.ActiveCfg = Release|Any CPU
		{36128F38-F8A3-4358-A71D-1C934A040EA1}.Release|Any CPU.Build.0 = Release|Any CPU
		{5025CB27-5286-47ED-93B8-944E96372F93}.Debug|Any CPU.ActiveCfg = Debug|Any CPU
		{5025CB27-5286-47ED-93B8-944E96372F93}.Debug|Any CPU.Build.0 = Debug|Any CPU
		{5025CB27-5286-47ED-93B8-944E96372F93}.Release|Any CPU.ActiveCfg = Release|Any CPU
		{5025CB27-5286-47ED-93B8-944E96372F93}.Release|Any CPU.Build.0 = Release|Any CPU
	EndGlobalSection
	GlobalSection(SolutionProperties) = preSolution
		HideSolutionNode = FALSE
	EndGlobalSection
	GlobalSection(NestedProjects) = preSolution
		{BDDB4BB4-B892-41DD-A180-881244DCC21D} = {FA3DAE96-EFC5-4344-B397-5718B7FA5453}
		{61E1735B-ED69-4265-A7B8-8CBDB23D7215} = {FA3DAE96-EFC5-4344-B397-5718B7FA5453}
		{E50FC180-7CBC-4ACF-A3CE-B7A3645BBA1B} = {34C28A99-C9DF-4808-88A8-611B79EAC306}
		{D781B08A-1886-4E76-9371-9D44EE096768} = {34C28A99-C9DF-4808-88A8-611B79EAC306}
		{AE297940-0B9D-4DD1-968C-EAFD9A9ECE32} = {C7012AEA-8344-48F1-B822-4A39E72CBDAC}
		{7CD0236D-6591-498B-A56D-F5150F69D7EB} = {C7012AEA-8344-48F1-B822-4A39E72CBDAC}
		{36128F38-F8A3-4358-A71D-1C934A040EA1} = {C7012AEA-8344-48F1-B822-4A39E72CBDAC}
		{5025CB27-5286-47ED-93B8-944E96372F93} = {FA3DAE96-EFC5-4344-B397-5718B7FA5453}
	EndGlobalSection
	GlobalSection(ExtensibilityGlobals) = postSolution
		SolutionGuid = {6118CB6D-8DA8-4715-B096-1BBAD6AE381C}
	EndGlobalSection
EndGlobal
